
Microsoft Visual Studio Solution File, Format Version 12.00
# Visual Studio Version 16
VisualStudioVersion = 16.0.31410.357
MinimumVisualStudioVersion = 10.0.40219.1
Project("{FAE04EC0-301F-11D3-BF4B-00C04F79EFBC}") = "U4E12", "U4E12\U4E12.csproj", "{F421BF7A-97BB-4227-94B4-917DB2BCCD7F}"
EndProject
Global
	GlobalSection(SolutionConfigurationPlatforms) = preSolution
		Debug|Any CPU = Debug|Any CPU
		Release|Any CPU = Release|Any CPU
	EndGlobalSection
	GlobalSection(ProjectConfigurationPlatforms) = postSolution
		{F421BF7A-97BB-4227-94B4-917DB2BCCD7F}.Debug|Any CPU.ActiveCfg = Debug|Any CPU
		{F421BF7A-97BB-4227-94B4-917DB2BCCD7F}.Debug|Any CPU.Build.0 = Debug|Any CPU
		{F421BF7A-97BB-4227-94B4-917DB2BCCD7F}.Release|Any CPU.ActiveCfg = Release|Any CPU
		{F421BF7A-97BB-4227-94B4-917DB2BCCD7F}.Release|Any CPU.Build.0 = Release|Any CPU
	EndGlobalSection
	GlobalSection(SolutionProperties) = preSolution
		HideSolutionNode = FALSE
	EndGlobalSection
	GlobalSection(ExtensibilityGlobals) = postSolution
		SolutionGuid = {343EA93E-017A-4656-B756-85A2C964D1F5}
	EndGlobalSection
EndGlobal
